bitbucket.org/kardianos/osext v0.0.0-20181027061946-15c52d0993e9 h1:e4OTPTo8CRlaXb79fvCXZIHLLOgAf4r360j6NspbhRk=
bitbucket.org/kardianos/osext v0.0.0-20181027061946-15c52d0993e9/go.mod h1:gCJCsH2RZ6GzBARZLbHxrfO81GvxS0XbMqlnU8aSli0=
github.com/BurntSushi/toml v0.1.1-0.20141028230038-3883ac1ce943 h1:gBSnRVjL5Hjcg69oIiLp9I+9O+0MVhZ0Qbet7kTKYUk=
github.com/BurntSushi/toml v0.1.1-0.20141028230038-3883ac1ce943/go.mod h1:xHWCNGjB5oqiDr8zfno3MHue2Ht5sIBksp03qcyfWMU=
github.com/bmizerany/assert v0.0.0-20120716205630-e17e99893cb6 h1:tqaG4PIbPslIfl+dhNXWUXRTgPI4Dpx7LaDQ6fS9mGM=
github.com/bmizerany/assert v0.0.0-20120716205630-e17e99893cb6/go.mod h1:Ekp36dRnpXw/yCqJaO+ZrUyxD+3VXMFFr56k5XYrpB4=
github.com/codegangsta/cli v1.6.0 h1:rTJOpNcu6Mw3GrR93gqu8voAwTCo85PsrUKfHmsHC8I=
github.com/codegangsta/cli v1.6.0/go.mod h1:/qJNoX69yVSKu5o4jLyXAENLRyk1uhi7zkbQ3slBdOA=
github.com/fhs/go-netrc v1.0.0 h1:jbXXfpcwkeNHq5lXXXQO9DTWD7wUqWxgnyPKUe5H4I0=
github.com/fhs/go-netrc v1.0.0/go.mod h1:tGgE+SHFQhgo1jg+hG6/uCxBJv5Pnq7pTMjvaEWrOu8=
github.com/github/hub v2.11.2+incompatible h1:H0wUQmNZVxF2+XyGPTsOxUVrRrFnTq133tezo6u4X4U=
github.com/github/hub v2.11.2+incompatible/go.mod h1:zQrzJEdze2hfWJDgktd/L6sROjAdCThFrzjbxw4keTs=
github.com/google/go-github v17.0.0+incompatible h1:N0LgJ1j65A7kfXrZnUDaYCs/Sf4rEjNlfyDHW9dolSY=
github.com/google/go-github v17.0.0+incompatible/go.mod h1:zLgOLi98H3fifZn+44m+umXrS52loVEgC2AApnigrVQ=
github.com/google/go-querystring v0.0.0-20130914073520-ec0a78e0f4db h1:iBPx90ALt87WmB3OOIXLoOqCCJUhXhUVULlx+bSjB/o=
github.com/google/go-querystring v0.0.0-20130914073520-ec0a78e0f4db/go.mod h1:odCYkC5MyYFN7vkCjXpyrEuKhc/BUO6wN/zVPAxq5ck=
github.com/inconshreveable/go-update v0.0.0-20141015175313-221d034a558b h1:8bHUzp7Tw1cR2wsCRpFshA87a53DQgrrp3fUQzErdnk=
github.com/inconshreveable/go-update v0.0.0-20141015175313-221d034a558b/go.mod h1:hyb9oH7vZsitZCiBt0ZvifOrB+qc8PS5IiilCIb87rg=
github.com/jingweno/go-sawyer v0.0.0-20140729165055-1999ae5763d6 h1:2RMaSBb+6kdtJtT7SZfx4OtcjEuRQpAZ9UFU9OiT1BQ=
github.com/jingweno/go-sawyer v0.0.0-20140729165055-1999ae5763d6/go.mod h1:cp3HFHBb/V8Qd4OUxZ8kz8lhwN3HKkMgKFhyM7H5+q4=
github.com/jtacoma/uritemplates v0.0.0-20131025021339-0a85813ecac2 h1:wSTo2OW629HVLm+cjs9OxHKzHlcBkoBQYicEjDhK3ao=
github.com/jtacoma/uritemplates v0.0.0-20131025021339-0a85813ecac2/go.mod h1:IhIICdE9OcvgUnGwTtJxgBQ+VrTrti5PcbLVSJianO8=
github.com/kballard/go-shellquote v0.0.0-20180428030007-95032a82bc51 h1:Z9n2FFNUXsshfwJMBgNA0RU6/i7WVaAegv3PtuIHPMs=
github.com/kballard/go-shellquote v0.0.0-20180428030007-95032a82bc51/go.mod h1:CzGEWj7cYgsdH8dAjBGEr58BoE7ScuLd+fwFZ44+/x8=
github.com/kr/binarydist v0.0.0-20120828065244-9955b0ab8708 h1:G3jarnhJHDsHITGBES6vtsgRme9vQGFITGbQzJd7mG0=
github.com/kr/binarydist v0.0.0-20120828065244-9955b0ab8708/go.mod h1:pE49GDVOelLlVz56xncbegMQqkyTO8sM36sT8bt7Z58=
github.com/kr/pretty v0.0.0-20140812000539-f31442d60e51 h1:kGEU5h0EzkNa+B8Q3e0GlaIocJYB1G6ZpefcceXhfgc=
github.com/kr/pretty v0.0.0-20140812000539-f31442d60e51/go.mod h1:Bvhd+E3laJ0AVkG0c9rmtZcnhV0HQ3+c3YxxqTvc/gA=
github.com/kr/text v0.0.0-20130911015532-6807e777504f h1:JaNmHIV9Eby6srQVWuiQ6n8ko2o/lG6udSRCbFZe1fs=
github.com/kr/text v0.0.0-20130911015532-6807e777504f/go.mod h1:sjUstKUATFIcff4qlB53Kml0wQPtJVc/3fWrmuUmcfA=
github.com/mattn/go-colorable v0.1.8 h1:c1ghPdyEDarC70ftn0y+A/Ee++9zz8ljHG1b13eJ0s8=
github.com/mattn/go-colorable v0.1.8/go.mod h1:u6P/XSegPjTcexA+o6vUJrdnUu04hMope9wVRipJSqc=
github.com/mattn/go-isatty v0.0.12 h1:wuysRhFDzyxgEmMf5xjvJ2M9dZoWAXNNr5LSBS7uHXY=
github.com/mattn/go-isatty v0.0.12/go.mod h1:cbi8OIDigv2wuxKPP5vlRcQ1OAZbq2CE4Kysco4FUpU=
github.com/mitchellh/go-homedir v1.1.0 h1:lukF9ziXFxDFPkA1vsr5zpc1XuPDn/wFntq5mG+4E0Y=
github.com/mitchellh/go-homedir v1.1.0/go.mod h1:SfyaCUpYCn1Vlf4IUYiD9fPX4A5wJrkLzIz1N1q0pr0=
github.com/octokit/go-octokit v0.4.1-0.20141117142748-69099306b45a h1:CPg/iOSeeSLY0eaXxmDu8gTFnaHgr3Z9PSEeB9VCfEo=
github.com/octokit/go-octokit v0.4.1-0.20141117142748-69099306b45a/go.mod h1:2u3khcAsOOTW3hlaM3dbJxDdvwHMDGQsC5m7edPSLkg=
golang.org/x/crypto v0.0.0-20210513164829-c07d793c2f9a h1:kr2P4QFmQr29mSLA43kwrOcgcReGTfbE9N577tCTuBc=
golang.org/x/crypto v0.0.0-20210513164829-c07d793c2f9a/go.mod h1:P+XmwS30IXTQdn5tA2iutPOUgjI07+tq3H3K9MVA1s8=
golang.org/x/net v0.0.0-20210226172049-e18ecbb05110/go.mod h1:m0MpNAwzfU5UDzcl9v0D8zg8gWTRqZa9RBIspLL5mdg=
golang.org/x/sys v0.0.0-20200116001909-b77594299b42/go.mod h1:h1NjWce9XRLGQEsW7wpKNCjG9DtNlClVuFLEZdDNbEs=
golang.org/x/sys v0.0.0-20200223170610-d5e6a3e2c0ae/go.mod h1:h1NjWce9XRLGQEsW7wpKNCjG9DtNlClVuFLEZdDNbEs=
golang.org/x/sys v0.0.0-20201119102817-f84b799fce68 h1:nxC68pudNYkKU6jWhgrqdreuFiOQWj1Fs7T3VrH4Pjw=
golang.org/x/sys v0.0.0-20201119102817-f84b799fce68/go.mod h1:h1NjWce9XRLGQEsW7wpKNCjG9DtNlClVuFLEZdDNbEs=
golang.org/x/term v0.0.0-20201126162022-7de9c90e9dd1 h1:v+OssWQX+hTHEmOBgwxdZxK4zHq3yOs8F9J7mk0PY8E=
golang.org/x/term v0.0.0-20201126162022-7de9c90e9dd1/go.mod h1:bj7SfCRtBDWHUb9snDiAeCFNEtKQo2Wmx5Cou7ajbmo=
golang.org/x/text v0.3.3/go.mod h1:5Zoc/QRtKVWzQhOtBMvqHzDpF6irO9z98xDceosuGiQ=
golang.org/x/tools v0.0.0-20180917221912-90fa682c2a6e/go.mod h1:n7NCudcB/nEzxVGmLbDWY5pfWTLqBcC2KZ6jyYvM4mQ=
gopkg.in/check.v1 v0.0.0-20161208181325-20d25e280405/go.mod h1:Co6ibVJAznAaIkqp8huTwlJQCZ016jof/cbN4VW5Yz0=
gopkg.in/check.v1 v1.0.0-20160105164936-4f90aeace3a2 h1:+j1SppRob9bAgoYmsdW9NNBdKZfgYuWpqnYHv78Qt8w=
gopkg.in/check.v1 v1.0.0-20160105164936-4f90aeace3a2/go.mod h1:Co6ibVJAznAaIkqp8huTwlJQCZ016jof/cbN4VW5Yz0=
gopkg.in/yaml.v2 v2.4.0 h1:D8xgwECY7CYvx+Y2n4sBz93Jn9JRvxdiyyo8CTfuKaY=
gopkg.in/yaml.v2 v2.4.0/go.mod h1:RDklbk79AGWmwhnvt/jBztapEOGDOx6ZbXqjP6csGnQ=
